// !$*UTF8*$!
{
	archiveVersion = 1;
	classes = {
	};
	objectVersion = 56;
	objects = {

/* Begin PBXBuildFile section */
		771304B429E8B07E00CA5875 /* iDine.swift in Sources */ = {isa = PBXBuildFile; fileRef = 771304A629E8B07E00CA5875 /* iDine.swift */; };
		771304B529E8B07E00CA5875 /* ItemRow.swift in Sources */ = {isa = PBXBuildFile; fileRef = 771304A729E8B07E00CA5875 /* ItemRow.swift */; };
		771304B629E8B07E00CA5875 /* CheckoutView.swift in Sources */ = {isa = PBXBuildFile; fileRef = 771304A829E8B07E00CA5875 /* CheckoutView.swift */; };
		771304B729E8B07E00CA5875 /* Order.swift in Sources */ = {isa = PBXBuildFile; fileRef = 771304A929E8B07E00CA5875 /* Order.swift */; };
		771304B829E8B07E00CA5875 /* Assets.xcassets in Resources */ = {isa = PBXBuildFile; fileRef = 771304AA29E8B07E00CA5875 /* Assets.xcassets */; };
		771304B929E8B07E00CA5875 /* Preview Assets.xcassets in Resources */ = {isa = PBXBuildFile; fileRef = 771304AC29E8B07E00CA5875 /* Preview Assets.xcassets */; };
		771304BA29E8B07E00CA5875 /* menu.json in Resources */ = {isa = PBXBuildFile; fileRef = 771304AD29E8B07E00CA5875 /* menu.json */; };
		771304BB29E8B07E00CA5875 /* MainView.swift in Sources */ = {isa = PBXBuildFile; fileRef = 771304AE29E8B07E00CA5875 /* MainView.swift */; };
		771304BC29E8B07E00CA5875 /* Helper.swift in Sources */ = {isa = PBXBuildFile; fileRef = 771304AF29E8B07E00CA5875 /* Helper.swift */; };
		771304BD29E8B07E00CA5875 /* Menu.swift in Sources */ = {isa = PBXBuildFile; fileRef = 771304B029E8B07E00CA5875 /* Menu.swift */; };
		771304BE29E8B07E00CA5875 /* ItemDetail.swift in Sources */ = {isa = PBXBuildFile; fileRef = 771304B129E8B07E00CA5875 /* ItemDetail.swift */; };
		771304BF29E8B07E00CA5875 /* ContentView.swift in Sources */ = {isa = PBXBuildFile; fileRef = 771304B229E8B07E00CA5875 /* ContentView.swift */; };
		771304C029E8B07E00CA5875 /* OrderView.swift in Sources */ = {isa = PBXBuildFile; fileRef = 771304B329E8B07E00CA5875 /* OrderView.swift */; };
/* End PBXBuildFile section */

/* Begin PBXFileReference section */
		7713048229E76A7200CA5875 /* iDine.app */ = {isa = PBXFileReference; explicitFileType = wrapper.application; includeInIndex = 0; path = iDine.app; sourceTree = BUILT_PRODUCTS_DIR; };
		771304A629E8B07E00CA5875 /* iDine.swift */ = {isa = PBXFileReference; fileEncoding = 4; lastKnownFileType = sourcecode.swift; path = iDine.swift; sourceTree = "<group>"; };
		771304A729E8B07E00CA5875 /* ItemRow.swift */ = {isa = PBXFileReference; fileEncoding = 4; lastKnownFileType = sourcecode.swift; path = ItemRow.swift; sourceTree = "<group>"; };
		771304A829E8B07E00CA5875 /* CheckoutView.swift */ = {isa = PBXFileReference; fileEncoding = 4; lastKnownFileType = sourcecode.swift; path = CheckoutView.swift; sourceTree = "<group>"; };
		771304A929E8B07E00CA5875 /* Order.swift */ = {isa = PBXFileReference; fileEncoding = 4; lastKnownFileType = sourcecode.swift; path = Order.swift; sourceTree = "<group>"; };
		771304AA29E8B07E00CA5875 /* Assets.xcassets */ = {isa = PBXFileReference; lastKnownFileType = folder.assetcatalog; path = Assets.xcassets; sourceTree = "<group>"; };
		771304AC29E8B07E00CA5875 /* Preview Assets.xcassets */ = {isa = PBXFileReference; lastKnownFileType = folder.assetcatalog; path = "Preview Assets.xcassets"; sourceTree = "<group>"; };
		771304AD29E8B07E00CA5875 /* menu.json */ = {isa = PBXFileReference; fileEncoding = 4; lastKnownFileType = text.json; path = menu.json; sourceTree = "<group>"; };
		771304AE29E8B07E00CA5875 /* MainView.swift */ = {isa = PBXFileReference; fileEncoding = 4; lastKnownFileType = sourcecode.swift; path = MainView.swift; sourceTree = "<group>"; };
		771304AF29E8B07E00CA5875 /* Helper.swift */ = {isa = PBXFileReference; fileEncoding = 4; lastKnownFileType = sourcecode.swift; path = Helper.swift; sourceTree = "<group>"; };
		771304B029E8B07E00CA5875 /* Menu.swift */ = {isa = PBXFileReference; fileEncoding = 4; lastKnownFileType = sourcecode.swift; path = Menu.swift; sourceTree = "<group>"; };
		771304B129E8B07E00CA5875 /* ItemDetail.swift */ = {isa = PBXFileReference; fileEncoding = 4; lastKnownFileType = sourcecode.swift; path = ItemDetail.swift; sourceTree = "<group>"; };
		771304B229E8B07E00CA5875 /* ContentView.swift */ = {isa = PBXFileReference; fileEncoding = 4; lastKnownFileType = sourcecode.swift; path = ContentView.swift; sourceTree = "<group>"; };
		771304B329E8B07E00CA5875 /* OrderView.swift */ = {isa = PBXFileReference; fileEncoding = 4; lastKnownFileType = sourcecode.swift; path = OrderView.swift; sourceTree = "<group>"; };
/* End PBXFileReference section */

/* Begin PBXFrameworksBuildPhase section */
		7713047F29E76A7200CA5875 /* Frameworks */ = {
			isa = PBXFrameworksBuildPhase;
			buildActionMask = 2147483647;
			files = (
			);
			runOnlyForDeploymentPostprocessing = 0;
		};
/* End PBXFrameworksBuildPhase section */

/* Begin PBXGroup section */
		7713047929E76A7200CA5875 = {
			isa = PBXGroup;
			children = (
				771304A529E8B07E00CA5875 /* iDine */,
				7713048329E76A7200CA5875 /* Products */,
			);
			sourceTree = "<group>";
		};
		7713048329E76A7200CA5875 /* Products */ = {
			isa = PBXGroup;
			children = (
				7713048229E76A7200CA5875 /* iDine.app */,
			);
			name = Products;
			sourceTree = "<group>";
		};
		771304A529E8B07E00CA5875 /* iDine */ = {
			isa = PBXGroup;
			children = (
				771304AA29E8B07E00CA5875 /* Assets.xcassets */,
				771304A829E8B07E00CA5875 /* CheckoutView.swift */,
				771304B229E8B07E00CA5875 /* ContentView.swift */,
				771304AF29E8B07E00CA5875 /* Helper.swift */,
				771304A629E8B07E00CA5875 /* iDine.swift */,
				771304B129E8B07E00CA5875 /* ItemDetail.swift */,
				771304A729E8B07E00CA5875 /* ItemRow.swift */,
				771304AE29E8B07E00CA5875 /* MainView.swift */,
				771304AD29E8B07E00CA5875 /* menu.json */,
				771304B029E8B07E00CA5875 /* Menu.swift */,
				771304A929E8B07E00CA5875 /* Order.swift */,
				771304B329E8B07E00CA5875 /* OrderView.swift */,
				771304AB29E8B07E00CA5875 /* Preview Content */,
			);
			path = iDine;
			sourceTree = "<group>";
		};
		771304AB29E8B07E00CA5875 /* Preview Content */ = {
			isa = PBXGroup;
			children = (
				771304AC29E8B07E00CA5875 /* Preview Assets.xcassets */,
			);
			path = "Preview Content";
			sourceTree = "<group>";
		};
/* End PBXGroup section */

/* Begin PBXNativeTarget section */
		7713048129E76A7200CA5875 /* iDine */ = {
			isa = PBXNativeTarget;
			buildConfigurationList = 7713049029E76A7400CA5875 /* Build configuration list for PBXNativeTarget "iDine" */;
			buildPhases = (
				7713047E29E76A7200CA5875 /* Sources */,
				7713047F29E76A7200CA5875 /* Frameworks */,
				7713048029E76A7200CA5875 /* Resources */,
			);
			buildRules = (
			);
			dependencies = (
			);
			name = iDine;
			productName = SwiftUIByExample;
			productReference = 7713048229E76A7200CA5875 /* iDine.app */;
			productType = "com.apple.product-type.application";
		};
/* End PBXNativeTarget section */

/* Begin PBXProject section */
		7713047A29E76A7200CA5875 /* Project object */ = {
			isa = PBXProject;
			attributes = {
				BuildIndependentTargetsInParallel = 1;
				LastSwiftUpdateCheck = 1430;
				LastUpgradeCheck = 1430;
				TargetAttributes = {
					7713048129E76A7200CA5875 = {
						CreatedOnToolsVersion = 14.3;
					};
				};
			};
			buildConfigurationList = 7713047D29E76A7200CA5875 /* Build configuration list for PBXProject "iDine" */;
			compatibilityVersion = "Xcode 14.0";
			developmentRegion = en;
			hasScannedForEncodings = 0;
			knownRegions = (
				en,
				Base,
			);
			mainGroup = 7713047929E76A7200CA5875;
			productRefGroup = 7713048329E76A7200CA5875 /* Products */;
			projectDirPath = "";
			projectRoot = "";
			targets = (
				7713048129E76A7200CA5875 /* iDine */,
			);
		};
/* End PBXProject section */

/* Begin PBXResourcesBuildPhase section */
		7713048029E76A7200CA5875 /* Resources */ = {
			isa = PBXResourcesBuildPhase;
			buildActionMask = 2147483647;
			files = (
				771304BA29E8B07E00CA5875 /* menu.json in Resources */,
				771304B929E8B07E00CA5875 /* Preview Assets.xcassets in Resources */,
				771304B829E8B07E00CA5875 /* Assets.xcassets in Resources */,
			);
			runOnlyForDeploymentPostprocessing = 0;
		};
/* End PBXResourcesBuildPhase section */

/* Begin PBXSourcesBuildPhase section */
		7713047E29E76A7200CA5875 /* Sources */ = {
			isa = PBXSourcesBuildPhase;
			buildActionMask = 2147483647;
			files = (
				771304B429E8B07E00CA5875 /* iDine.swift in Sources */,
				771304B529E8B07E00CA5875 /* ItemRow.swift in Sources */,
				771304BD29E8B07E00CA5875 /* Menu.swift in Sources */,
				771304B729E8B07E00CA5875 /* Order.swift in Sources */,
				771304BB29E8B07E00CA5875 /* MainView.swift in Sources */,
				771304BF29E8B07E00CA5875 /* ContentView.swift in Sources */,
				771304BE29E8B07E00CA5875 /* ItemDetail.swift in Sources */,
				771304B629E8B07E00CA5875 /* CheckoutView.swift in Sources */,
				771304BC29E8B07E00CA5875 /* Helper.swift in Sources */,
				771304C029E8B07E00CA5875 /* OrderView.swift in Sources */,
			);
			runOnlyForDeploymentPostprocessing = 0;
		};
/* End PBXSourcesBuildPhase section */

/* Begin XCBuildConfiguration section */
		7713048E29E76A7400CA5875 /* Debug */ = {
			isa = XCBuildConfiguration;
			buildSettings = {
				ALWAYS_SEARCH_USER_PATHS = NO;
				CLANG_ANALYZER_NONNULL = YES;
				CLANG_ANALYZER_NUMBER_OBJECT_CONVERSION = YES_AGGRESSIVE;
				CLANG_CXX_LANGUAGE_STANDARD = "gnu++20";
				CLANG_ENABLE_MODULES = YES;
				CLANG_ENABLE_OBJC_ARC = YES;
				CLANG_ENABLE_OBJC_WEAK = YES;
				CLANG_WARN_BLOCK_CAPTURE_AUTORELEASING = YES;
				CLANG_WARN_BOOL_CONVERSION = YES;
				CLANG_WARN_COMMA = YES;
				CLANG_WARN_CONSTANT_CONVERSION = YES;
				CLANG_WARN_DEPRECATED_OBJC_IMPLEMENTATIONS = YES;
				CLANG_WARN_DIRECT_OBJC_ISA_USAGE = YES_ERROR;
				CLANG_WARN_DOCUMENTATION_COMMENTS = YES;
				CLANG_WARN_EMPTY_BODY = YES;
				CLANG_WARN_ENUM_CONVERSION = YES;
				CLANG_WARN_INFINITE_RECURSION = YES;
				CLANG_WARN_INT_CONVERSION = YES;
				CLANG_WARN_NON_LITERAL_NULL_CONVERSION = YES;
				CLANG_WARN_OBJC_IMPLICIT_RETAIN_SELF = YES;
				CLANG_WARN_OBJC_LITERAL_CONVERSION = YES;
				CLANG_WARN_OBJC_ROOT_CLASS = YES_ERROR;
				CLANG_WARN_QUOTED_INCLUDE_IN_FRAMEWORK_HEADER = YES;
				CLANG_WARN_RANGE_LOOP_ANALYSIS = YES;
				CLANG_WARN_STRICT_PROTOTYPES = YES;
				CLANG_WARN_SUSPICIOUS_MOVE = YES;
				CLANG_WARN_UNGUARDED_AVAILABILITY = YES_AGGRESSIVE;
				CLANG_WARN_UNREACHABLE_CODE = YES;
				CLANG_WARN__DUPLICATE_METHOD_MATCH = YES;
				COPY_PHASE_STRIP = NO;
				DEBUG_INFORMATION_FORMAT = dwarf;
				ENABLE_STRICT_OBJC_MSGSEND = YES;
				ENABLE_TESTABILITY = YES;
				GCC_C_LANGUAGE_STANDARD = gnu11;
				GCC_DYNAMIC_NO_PIC = NO;
				GCC_NO_COMMON_BLOCKS = YES;
				GCC_OPTIMIZATION_LEVEL = 0;
				GCC_PREPROCESSOR_DEFINITIONS = (
					"DEBUG=1",
					"$(inherited)",
				);
				GCC_WARN_64_TO_32_BIT_CONVERSION = YES;
				GCC_WARN_ABOUT_RETURN_TYPE = YES_ERROR;
				GCC_WARN_UNDECLARED_SELECTOR = YES;
				GCC_WARN_UNINITIALIZED_AUTOS = YES_AGGRESSIVE;
				GCC_WARN_UNUSED_FUNCTION = YES;
				GCC_WARN_UNUSED_VARIABLE = YES;
				IPHONEOS_DEPLOYMENT_TARGET = 16.4;
				MTL_ENABLE_DEBUG_INFO = INCLUDE_SOURCE;
				MTL_FAST_MATH = YES;
				ONLY_ACTIVE_ARCH = YES;
				SDKROOT = iphoneos;
				SWIFT_ACTIVE_COMPILATION_CONDITIONS = DEBUG;
				SWIFT_OPTIMIZATION_LEVEL = "-Onone";
			};
			name = Debug;
		};
		7713048F29E76A7400CA5875 /* Release */ = {
			isa = XCBuildConfiguration;
			buildSettings = {
				ALWAYS_SEARCH_USER_PATHS = NO;
				CLANG_ANALYZER_NONNULL = YES;
				CLANG_ANALYZER_NUMBER_OBJECT_CONVERSION = YES_AGGRESSIVE;
				CLANG_CXX_LANGUAGE_STANDARD = "gnu++20";
				CLANG_ENABLE_MODULES = YES;
				CLANG_ENABLE_OBJC_ARC = YES;
				CLANG_ENABLE_OBJC_WEAK = YES;
				CLANG_WARN_BLOCK_CAPTURE_AUTORELEASING = YES;
				CLANG_WARN_BOOL_CONVERSION = YES;
				CLANG_WARN_COMMA = YES;
				CLANG_WARN_CONSTANT_CONVERSION = YES;
				CLANG_WARN_DEPRECATED_OBJC_IMPLEMENTATIONS = YES;
				CLANG_WARN_DIRECT_OBJC_ISA_USAGE = YES_ERROR;
				CLANG_WARN_DOCUMENTATION_COMMENTS = YES;
				CLANG_WARN_EMPTY_BODY = YES;
				CLANG_WARN_ENUM_CONVERSION = YES;
				CLANG_WARN_INFINITE_RECURSION = YES;
				CLANG_WARN_INT_CONVERSION = YES;
				CLANG_WARN_NON_LITERAL_NULL_CONVERSION = YES;
				CLANG_WARN_OBJC_IMPLICIT_RETAIN_SELF = YES;
				CLANG_WARN_OBJC_LITERAL_CONVERSION = YES;
				CLANG_WARN_OBJC_ROOT_CLASS = YES_ERROR;
				CLANG_WARN_QUOTED_INCLUDE_IN_FRAMEWORK_HEADER = YES;
				CLANG_WARN_RANGE_LOOP_ANALYSIS = YES;
				CLANG_WARN_STRICT_PROTOTYPES = YES;
				CLANG_WARN_SUSPICIOUS_MOVE = YES;
				CLANG_WARN_UNGUARDED_AVAILABILITY = YES_AGGRESSIVE;
				CLANG_WARN_UNREACHABLE_CODE = YES;
				CLANG_WARN__DUPLICATE_METHOD_MATCH = YES;
				COPY_PHASE_STRIP = NO;
				DEBUG_INFORMATION_FORMAT = "dwarf-with-dsym";
				ENABLE_NS_ASSERTIONS = NO;
				ENABLE_STRICT_OBJC_MSGSEND = YES;
				GCC_C_LANGUAGE_STANDARD = gnu11;
				GCC_NO_COMMON_BLOCKS = YES;
				GCC_WARN_64_TO_32_BIT_CONVERSION = YES;
				GCC_WARN_ABOUT_RETURN_TYPE = YES_ERROR;
				GCC_WARN_UNDECLARED_SELECTOR = YES;
				GCC_WARN_UNINITIALIZED_AUTOS = YES_AGGRESSIVE;
				GCC_WARN_UNUSED_FUNCTION = YES;
				GCC_WARN_UNUSED_VARIABLE = YES;
				IPHONEOS_DEPLOYMENT_TARGET = 16.4;
				MTL_ENABLE_DEBUG_INFO = NO;
				MTL_FAST_MATH = YES;
				SDKROOT = iphoneos;
				SWIFT_COMPILATION_MODE = wholemodule;
				SWIFT_OPTIMIZATION_LEVEL = "-O";
				VALIDATE_PRODUCT = YES;
			};
			name = Release;
		};
		7713049129E76A7400CA5875 /* Debug */ = {
			isa = XCBuildConfiguration;
			buildSettings = {
				ASSETCATALOG_COMPILER_APPICON_NAME = AppIcon;
				ASSETCATALOG_COMPILER_GLOBAL_ACCENT_COLOR_NAME = AccentColor;
				CODE_SIGN_STYLE = Automatic;
				CURRENT_PROJECT_VERSION = 1;
				DEVELOPMENT_ASSET_PATHS = "\"iDine/Preview Content\"";
				DEVELOPMENT_TEAM = 3W3QAKTRFB;
				ENABLE_PREVIEWS = YES;
				GENERATE_INFOPLIST_FILE = YES;
				INFOPLIST_KEY_UIApplicationSceneManifest_Generation = YES;
				INFOPLIST_KEY_UIApplicationSupportsIndirectInputEvents = YES;
				INFOPLIST_KEY_UILaunchScreen_Generation = YES;
				INFOPLIST_KEY_UISupportedInterfaceOrientations_iPad = "UIInterfaceOrientationPortrait UIInterfaceOrientationPortraitUpsideDown UIInterfaceOrientationLandscapeLeft UIInterfaceOrientationLandscapeRight";
				INFOPLIST_KEY_UISupportedInterfaceOrientations_iPhone = "UIInterfaceOrientationPortrait UIInterfaceOrientationLandscapeLeft UIInterfaceOrientationLandscapeRight";
				LD_RUNPATH_SEARCH_PATHS = (
					"$(inherited)",
					"@executable_path/Frameworks",
				);
				MARKETING_VERSION = 1.0;
				PRODUCT_BUNDLE_IDENTIFIER = kriagwastlund.iDine;
				PRODUCT_NAME = iDine;
				SWIFT_EMIT_LOC_STRINGS = YES;
				SWIFT_VERSION = 5.0;
				TARGETED_DEVICE_FAMILY = "1,2";
			};
			name = Debug;
		};
		7713049229E76A7400CA5875 /* Release */ = {
			isa = XCBuildConfiguration;
			buildSettings = {
				ASSETCATALOG_COMPILER_APPICON_NAME = AppIcon;
				ASSETCATALOG_COMPILER_GLOBAL_ACCENT_COLOR_NAME = AccentColor;
				CODE_SIGN_STYLE = Automatic;
				CURRENT_PROJECT_VERSION = 1;
				DEVELOPMENT_ASSET_PATHS = "\"iDine/Preview Content\"";
				DEVELOPMENT_TEAM = 3W3QAKTRFB;
				ENABLE_PREVIEWS = YES;
				GENERATE_INFOPLIST_FILE = YES;
				INFOPLIST_KEY_UIApplicationSceneManifest_Generation = YES;
				INFOPLIST_KEY_UIApplicationSupportsIndirectInputEvents = YES;
				INFOPLIST_KEY_UILaunchScreen_Generation = YES;
				INFOPLIST_KEY_UISupportedInterfaceOrientations_iPad = "UIInterfaceOrientationPortrait UIInterfaceOrientationPortraitUpsideDown UIInterfaceOrientationLandscapeLeft UIInterfaceOrientationLandscapeRight";
				INFOPLIST_KEY_UISupportedInterfaceOrientations_iPhone = "UIInterfaceOrientationPortrait UIInterfaceOrientationLandscapeLeft UIInterfaceOrientationLandscapeRight";
				LD_RUNPATH_SEARCH_PATHS = (
					"$(inherited)",
					"@executable_path/Frameworks",
				);
				MARKETING_VERSION = 1.0;
				PRODUCT_BUNDLE_IDENTIFIER = kriagwastlund.iDine;
				PRODUCT_NAME = iDine;
				SWIFT_EMIT_LOC_STRINGS = YES;
				SWIFT_VERSION = 5.0;
				TARGETED_DEVICE_FAMILY = "1,2";
			};
			name = Release;
		};
/* End XCBuildConfiguration section */

/* Begin XCConfigurationList section */
		7713047D29E76A7200CA5875 /* Build configuration list for PBXProject "iDine" */ = {
			isa = XCConfigurationList;
			buildConfigurations = (
				7713048E29E76A7400CA5875 /* Debug */,
				7713048F29E76A7400CA5875 /* Release */,
			);
			defaultConfigurationIsVisible = 0;
			defaultConfigurationName = Release;
		};
		7713049029E76A7400CA5875 /* Build configuration list for PBXNativeTarget "iDine" */ = {
			isa = XCConfigurationList;
			buildConfigurations = (
				7713049129E76A7400CA5875 /* Debug */,
				7713049229E76A7400CA5875 /* Release */,
			);
			defaultConfigurationIsVisible = 0;
			defaultConfigurationName = Release;
		};
/* End XCConfigurationList section */
	};
	rootObject = 7713047A29E76A7200CA5875 /* Project object */;
}
